
Microsoft Visual Studio Solution File, Format Version 12.00
# Visual Studio Version 16
VisualStudioVersion = 16.0.30621.155
MinimumVisualStudioVersion = 10.0.40219.1
Project("{9A19103F-16F7-4668-BE54-9A1E7A4F7556}") = "DotNetStandard-DLL", "DotNetStandard-DLL\DotNetStandard-DLL.csproj", "{32102BE2-BCB8-41C4-8034-149E4FFFAB1D}"
EndProject
Project("{9A19103F-16F7-4668-BE54-9A1E7A4F7556}") = "DotNetCore-App", "DotNetCore-App\DotNetCore-App.csproj", "{1AED9821-7899-4929-AE74-A290350B8A38}"
EndProject
Project("{9A19103F-16F7-4668-BE54-9A1E7A4F7556}") = "DotNetCore-DLL", "DotNetCore-DLL\DotNetCore-DLL.csproj", "{148DE526-D586-437B-ADFD-8C3B0F6B485E}"
EndProject
Project("{FAE04EC0-301F-11D3-BF4B-00C04F79EFBC}") = "WinConsoleApp1", "WinConsoleApp1\WinConsoleApp1.csproj", "{0504537A-2AB9-4DBE-A8FE-A3D584A85D58}"
EndProject
Project("{FAE04EC0-301F-11D3-BF4B-00C04F79EFBC}") = "WindowsFormsApp1", "WindowsFormsApp1\WindowsFormsApp1.csproj", "{009F5690-6993-4F68-A495-56803C481D65}"
EndProject
Project("{9A19103F-16F7-4668-BE54-9A1E7A4F7556}") = "WindowsFormsApp-DotNet5Win", "WindowsFormsApp2\WindowsFormsApp-DotNet5Win.csproj", "{47664030-B430-4F85-8A9F-E3C842C59B65}"
EndProject
Global
	GlobalSection(SolutionConfigurationPlatforms) = preSolution
		Debug|Any CPU = Debug|Any CPU
		Release|Any CPU = Release|Any CPU
	EndGlobalSection
	GlobalSection(ProjectConfigurationPlatforms) = postSolution
		{32102BE2-BCB8-41C4-8034-149E4FFFAB1D}.Debug|Any CPU.ActiveCfg = Debug|Any CPU
		{32102BE2-BCB8-41C4-8034-149E4FFFAB1D}.Debug|Any CPU.Build.0 = Debug|Any CPU
		{32102BE2-BCB8-41C4-8034-149E4FFFAB1D}.Release|Any CPU.ActiveCfg = Release|Any CPU
		{32102BE2-BCB8-41C4-8034-149E4FFFAB1D}.Release|Any CPU.Build.0 = Release|Any CPU
		{1AED9821-7899-4929-AE74-A290350B8A38}.Debug|Any CPU.ActiveCfg = Debug|Any CPU
		{1AED9821-7899-4929-AE74-A290350B8A38}.Debug|Any CPU.Build.0 = Debug|Any CPU
		{1AED9821-7899-4929-AE74-A290350B8A38}.Release|Any CPU.ActiveCfg = Release|Any CPU
		{1AED9821-7899-4929-AE74-A290350B8A38}.Release|Any CPU.Build.0 = Release|Any CPU
		{148DE526-D586-437B-ADFD-8C3B0F6B485E}.Debug|Any CPU.ActiveCfg = Debug|Any CPU
		{148DE526-D586-437B-ADFD-8C3B0F6B485E}.Debug|Any CPU.Build.0 = Debug|Any CPU
		{148DE526-D586-437B-ADFD-8C3B0F6B485E}.Release|Any CPU.ActiveCfg = Release|Any CPU
		{148DE526-D586-437B-ADFD-8C3B0F6B485E}.Release|Any CPU.Build.0 = Release|Any CPU
		{0504537A-2AB9-4DBE-A8FE-A3D584A85D58}.Debug|Any CPU.ActiveCfg = Debug|Any CPU
		{0504537A-2AB9-4DBE-A8FE-A3D584A85D58}.Debug|Any CPU.Build.0 = Debug|Any CPU
		{0504537A-2AB9-4DBE-A8FE-A3D584A85D58}.Release|Any CPU.ActiveCfg = Release|Any CPU
		{0504537A-2AB9-4DBE-A8FE-A3D584A85D58}.Release|Any CPU.Build.0 = Release|Any CPU
		{009F5690-6993-4F68-A495-56803C481D65}.Debug|Any CPU.ActiveCfg = Debug|Any CPU
		{009F5690-6993-4F68-A495-56803C481D65}.Debug|Any CPU.Build.0 = Debug|Any CPU
		{009F5690-6993-4F68-A495-56803C481D65}.Release|Any CPU.ActiveCfg = Release|Any CPU
		{009F5690-6993-4F68-A495-56803C481D65}.Release|Any CPU.Build.0 = Release|Any CPU
		{47664030-B430-4F85-8A9F-E3C842C59B65}.Debug|Any CPU.ActiveCfg = Debug|Any CPU
		{47664030-B430-4F85-8A9F-E3C842C59B65}.Debug|Any CPU.Build.0 = Debug|Any CPU
		{47664030-B430-4F85-8A9F-E3C842C59B65}.Release|Any CPU.ActiveCfg = Release|Any CPU
		{47664030-B430-4F85-8A9F-E3C842C59B65}.Release|Any CPU.Build.0 = Release|Any CPU
	EndGlobalSection
	GlobalSection(SolutionProperties) = preSolution
		HideSolutionNode = FALSE
	EndGlobalSection
	GlobalSection(ExtensibilityGlobals) = postSolution
		SolutionGuid = {D883CEF7-8A28-4FB7-BA98-DE3D5AE1459A}
	EndGlobalSection
EndGlobal
